// !$*UTF8*$!
{
	archiveVersion = 1;
	classes = {
	};
	objectVersion = 50;
	objects = {

/* Begin PBXBuildFile section */
		169EE93E26C3395800858057 /* MyTableViewCell.swift in Sources */ = {isa = PBXBuildFile; fileRef = 169EE93D26C3395800858057 /* MyTableViewCell.swift */; };
		169EE94026C484C700858057 /* WebWorkoutsVC.swift in Sources */ = {isa = PBXBuildFile; fileRef = 169EE93F26C484C700858057 /* WebWorkoutsVC.swift */; };
		169EE94726C4BF5500858057 /* Localizable.strings in Resources */ = {isa = PBXBuildFile; fileRef = 169EE94926C4BF5500858057 /* Localizable.strings */; };
		16B5F9B126BB58E900C59016 /* AppDelegate.swift in Sources */ = {isa = PBXBuildFile; fileRef = 16B5F9B026BB58E900C59016 /* AppDelegate.swift */; };
		16B5F9B326BB58E900C59016 /* SceneDelegate.swift in Sources */ = {isa = PBXBuildFile; fileRef = 16B5F9B226BB58E900C59016 /* SceneDelegate.swift */; };
		16B5F9B826BB58E900C59016 /* Main.storyboard in Resources */ = {isa = PBXBuildFile; fileRef = 16B5F9B626BB58E900C59016 /* Main.storyboard */; };
		16B5F9BB26BB58E900C59016 /* SetTrack.xcdatamodeld in Sources */ = {isa = PBXBuildFile; fileRef = 16B5F9B926BB58E900C59016 /* SetTrack.xcdatamodeld */; };
		16B5F9BD26BB58ED00C59016 /* Assets.xcassets in Resources */ = {isa = PBXBuildFile; fileRef = 16B5F9BC26BB58ED00C59016 /* Assets.xcassets */; };
		16B5F9C026BB58ED00C59016 /* LaunchScreen.storyboard in Resources */ = {isa = PBXBuildFile; fileRef = 16B5F9BE26BB58ED00C59016 /* LaunchScreen.storyboard */; };
		16B5F9C926BD0CDD00C59016 /* WorkoutListTableViewController.swift in Sources */ = {isa = PBXBuildFile; fileRef = 16B5F9C826BD0CDD00C59016 /* WorkoutListTableViewController.swift */; };
		16B5F9CB26BD0EB700C59016 /* AddWorkoutViewController.swift in Sources */ = {isa = PBXBuildFile; fileRef = 16B5F9CA26BD0EB700C59016 /* AddWorkoutViewController.swift */; };
		16B5F9CD26BD0F4400C59016 /* InWorkoutViewController.swift in Sources */ = {isa = PBXBuildFile; fileRef = 16B5F9CC26BD0F4400C59016 /* InWorkoutViewController.swift */; };
		16B5F9D126BD100E00C59016 /* PrivacyViewController.swift in Sources */ = {isa = PBXBuildFile; fileRef = 16B5F9D026BD100E00C59016 /* PrivacyViewController.swift */; };
/* End PBXBuildFile section */

/* Begin PBXFileReference section */
		169EE93D26C3395800858057 /* MyTableViewCell.swift */ = {isa = PBXFileReference; lastKnownFileType = sourcecode.swift; path = MyTableViewCell.swift; sourceTree = "<group>"; };
		169EE93F26C484C700858057 /* WebWorkoutsVC.swift */ = {isa = PBXFileReference; lastKnownFileType = sourcecode.swift; path = WebWorkoutsVC.swift; sourceTree = "<group>"; };
		169EE94826C4BF5500858057 /* en */ = {isa = PBXFileReference; lastKnownFileType = text.plist.strings; name = en; path = en.lproj/Localizable.strings; sourceTree = "<group>"; };
		169EE94A26C4C00100858057 /* es-419 */ = {isa = PBXFileReference; lastKnownFileType = text.plist.strings; name = "es-419"; path = "es-419.lproj/Localizable.strings"; sourceTree = "<group>"; };
		169EE94B26C4C3F000858057 /* fr */ = {isa = PBXFileReference; lastKnownFileType = text.plist.strings; name = fr; path = fr.lproj/Localizable.strings; sourceTree = "<group>"; };
		16B5F9AD26BB58E900C59016 /* SetTrack.app */ = {isa = PBXFileReference; explicitFileType = wrapper.application; includeInIndex = 0; path = SetTrack.app; sourceTree = BUILT_PRODUCTS_DIR; };
		16B5F9B026BB58E900C59016 /* AppDelegate.swift */ = {isa = PBXFileReference; lastKnownFileType = sourcecode.swift; path = AppDelegate.swift; sourceTree = "<group>"; };
		16B5F9B226BB58E900C59016 /* SceneDelegate.swift */ = {isa = PBXFileReference; lastKnownFileType = sourcecode.swift; path = SceneDelegate.swift; sourceTree = "<group>"; };
		16B5F9B726BB58E900C59016 /* Base */ = {isa = PBXFileReference; lastKnownFileType = file.storyboard; name = Base; path = Base.lproj/Main.storyboard; sourceTree = "<group>"; };
		16B5F9BA26BB58E900C59016 /* SetTrack.xcdatamodel */ = {isa = PBXFileReference; lastKnownFileType = wrapper.xcdatamodel; path = SetTrack.xcdatamodel; sourceTree = "<group>"; };
		16B5F9BC26BB58ED00C59016 /* Assets.xcassets */ = {isa = PBXFileReference; lastKnownFileType = folder.assetcatalog; path = Assets.xcassets; sourceTree = "<group>"; };
		16B5F9BF26BB58ED00C59016 /* Base */ = {isa = PBXFileReference; lastKnownFileType = file.storyboard; name = Base; path = Base.lproj/LaunchScreen.storyboard; sourceTree = "<group>"; };
		16B5F9C126BB58ED00C59016 /* Info.plist */ = {isa = PBXFileReference; lastKnownFileType = text.plist.xml; path = Info.plist; sourceTree = "<group>"; };
		16B5F9C826BD0CDD00C59016 /* WorkoutListTableViewController.swift */ = {isa = PBXFileReference; lastKnownFileType = sourcecode.swift; path = WorkoutListTableViewController.swift; sourceTree = "<group>"; };
		16B5F9CA26BD0EB700C59016 /* AddWorkoutViewController.swift */ = {isa = PBXFileReference; lastKnownFileType = sourcecode.swift; path = AddWorkoutViewController.swift; sourceTree = "<group>"; };
		16B5F9CC26BD0F4400C59016 /* InWorkoutViewController.swift */ = {isa = PBXFileReference; lastKnownFileType = sourcecode.swift; path = InWorkoutViewController.swift; sourceTree = "<group>"; };
		16B5F9D026BD100E00C59016 /* PrivacyViewController.swift */ = {isa = PBXFileReference; lastKnownFileType = sourcecode.swift; path = PrivacyViewController.swift; sourceTree = "<group>"; };
/* End PBXFileReference section */

/* Begin PBXFrameworksBuildPhase section */
		16B5F9AA26BB58E900C59016 /* Frameworks */ = {
			isa = PBXFrameworksBuildPhase;
			buildActionMask = 2147483647;
			files = (
			);
			runOnlyForDeploymentPostprocessing = 0;
		};
/* End PBXFrameworksBuildPhase section */

/* Begin PBXGroup section */
		169EE93C26C3384900858057 /* VCs */ = {
			isa = PBXGroup;
			children = (
				16B5F9C826BD0CDD00C59016 /* WorkoutListTableViewController.swift */,
				16B5F9CA26BD0EB700C59016 /* AddWorkoutViewController.swift */,
				16B5F9CC26BD0F4400C59016 /* InWorkoutViewController.swift */,
				16B5F9D026BD100E00C59016 /* PrivacyViewController.swift */,
				169EE93F26C484C700858057 /* WebWorkoutsVC.swift */,
			);
			path = VCs;
			sourceTree = "<group>";
		};
		16B5F9A426BB58E900C59016 = {
			isa = PBXGroup;
			children = (
				16B5F9AF26BB58E900C59016 /* SetTrack */,
				16B5F9AE26BB58E900C59016 /* Products */,
			);
			sourceTree = "<group>";
		};
		16B5F9AE26BB58E900C59016 /* Products */ = {
			isa = PBXGroup;
			children = (
				16B5F9AD26BB58E900C59016 /* SetTrack.app */,
			);
			name = Products;
			sourceTree = "<group>";
		};
		16B5F9AF26BB58E900C59016 /* SetTrack */ = {
			isa = PBXGroup;
			children = (
				16B5F9B026BB58E900C59016 /* AppDelegate.swift */,
				16B5F9B226BB58E900C59016 /* SceneDelegate.swift */,
				16B5F9B626BB58E900C59016 /* Main.storyboard */,
				16B5F9BC26BB58ED00C59016 /* Assets.xcassets */,
				16B5F9BE26BB58ED00C59016 /* LaunchScreen.storyboard */,
				16B5F9C126BB58ED00C59016 /* Info.plist */,
				16B5F9B926BB58E900C59016 /* SetTrack.xcdatamodeld */,
				169EE93C26C3384900858057 /* VCs */,
				169EE93D26C3395800858057 /* MyTableViewCell.swift */,
				169EE94926C4BF5500858057 /* Localizable.strings */,
			);
			path = SetTrack;
			sourceTree = "<group>";
		};
/* End PBXGroup section */

/* Begin PBXNativeTarget section */
		16B5F9AC26BB58E900C59016 /* SetTrack */ = {
			isa = PBXNativeTarget;
			buildConfigurationList = 16B5F9C426BB58ED00C59016 /* Build configuration list for PBXNativeTarget "SetTrack" */;
			buildPhases = (
				16B5F9A926BB58E900C59016 /* Sources */,
				16B5F9AA26BB58E900C59016 /* Frameworks */,
				16B5F9AB26BB58E900C59016 /* Resources */,
			);
			buildRules = (
			);
			dependencies = (
			);
			name = SetTrack;
			productName = SetTrack;
			productReference = 16B5F9AD26BB58E900C59016 /* SetTrack.app */;
			productType = "com.apple.product-type.application";
		};
/* End PBXNativeTarget section */

/* Begin PBXProject section */
		16B5F9A526BB58E900C59016 /* Project object */ = {
			isa = PBXProject;
			attributes = {
				LastSwiftUpdateCheck = 1250;
				LastUpgradeCheck = 1250;
				TargetAttributes = {
					16B5F9AC26BB58E900C59016 = {
						CreatedOnToolsVersion = 12.5;
					};
				};
			};
			buildConfigurationList = 16B5F9A826BB58E900C59016 /* Build configuration list for PBXProject "SetTrack" */;
			compatibilityVersion = "Xcode 9.3";
			developmentRegion = en;
			hasScannedForEncodings = 0;
			knownRegions = (
				en,
				Base,
				"es-419",
				fr,
			);
			mainGroup = 16B5F9A426BB58E900C59016;
			productRefGroup = 16B5F9AE26BB58E900C59016 /* Products */;
			projectDirPath = "";
			projectRoot = "";
			targets = (
				16B5F9AC26BB58E900C59016 /* SetTrack */,
			);
		};
/* End PBXProject section */

/* Begin PBXResourcesBuildPhase section */
		16B5F9AB26BB58E900C59016 /* Resources */ = {
			isa = PBXResourcesBuildPhase;
			buildActionMask = 2147483647;
			files = (
				16B5F9C026BB58ED00C59016 /* LaunchScreen.storyboard in Resources */,
				169EE94726C4BF5500858057 /* Localizable.strings in Resources */,
				16B5F9BD26BB58ED00C59016 /* Assets.xcassets in Resources */,
				16B5F9B826BB58E900C59016 /* Main.storyboard in Resources */,
			);
			runOnlyForDeploymentPostprocessing = 0;
		};
/* End PBXResourcesBuildPhase section */

/* Begin PBXSourcesBuildPhase section */
		16B5F9A926BB58E900C59016 /* Sources */ = {
			isa = PBXSourcesBuildPhase;
			buildActionMask = 2147483647;
			files = (
				16B5F9B126BB58E900C59016 /* AppDelegate.swift in Sources */,
				16B5F9C926BD0CDD00C59016 /* WorkoutListTableViewController.swift in Sources */,
				16B5F9BB26BB58E900C59016 /* SetTrack.xcdatamodeld in Sources */,
				16B5F9D126BD100E00C59016 /* PrivacyViewController.swift in Sources */,
				169EE94026C484C700858057 /* WebWorkoutsVC.swift in Sources */,
				16B5F9CB26BD0EB700C59016 /* AddWorkoutViewController.swift in Sources */,
				169EE93E26C3395800858057 /* MyTableViewCell.swift in Sources */,
				16B5F9B326BB58E900C59016 /* SceneDelegate.swift in Sources */,
				16B5F9CD26BD0F4400C59016 /* InWorkoutViewController.swift in Sources */,
			);
			runOnlyForDeploymentPostprocessing = 0;
		};
/* End PBXSourcesBuildPhase section */

/* Begin PBXVariantGroup section */
		169EE94926C4BF5500858057 /* Localizable.strings */ = {
			isa = PBXVariantGroup;
			children = (
				169EE94826C4BF5500858057 /* en */,
				169EE94A26C4C00100858057 /* es-419 */,
				169EE94B26C4C3F000858057 /* fr */,
			);
			name = Localizable.strings;
			sourceTree = "<group>";
		};
		16B5F9B626BB58E900C59016 /* Main.storyboard */ = {
			isa = PBXVariantGroup;
			children = (
				16B5F9B726BB58E900C59016 /* Base */,
			);
			name = Main.storyboard;
			sourceTree = "<group>";
		};
		16B5F9BE26BB58ED00C59016 /* LaunchScreen.storyboard */ = {
			isa = PBXVariantGroup;
			children = (
				16B5F9BF26BB58ED00C59016 /* Base */,
			);
			name = LaunchScreen.storyboard;
			sourceTree = "<group>";
		};
/* End PBXVariantGroup section */

/* Begin XCBuildConfiguration section */
		16B5F9C226BB58ED00C59016 /* Debug */ = {
			isa = XCBuildConfiguration;
			buildSettings = {
				ALWAYS_SEARCH_USER_PATHS = NO;
				CLANG_ANALYZER_LOCALIZABILITY_NONLOCALIZED = YES;
				CLANG_ANALYZER_NONNULL = YES;
				CLANG_ANALYZER_NUMBER_OBJECT_CONVERSION = YES_AGGRESSIVE;
				CLANG_CXX_LANGUAGE_STANDARD = "gnu++14";
				CLANG_CXX_LIBRARY = "libc++";
				CLANG_ENABLE_MODULES = YES;
				CLANG_ENABLE_OBJC_ARC = YES;
				CLANG_ENABLE_OBJC_WEAK = YES;
				CLANG_WARN_BLOCK_CAPTURE_AUTORELEASING = YES;
				CLANG_WARN_BOOL_CONVERSION = YES;
				CLANG_WARN_COMMA = YES;
				CLANG_WARN_CONSTANT_CONVERSION = YES;
				CLANG_WARN_DEPRECATED_OBJC_IMPLEMENTATIONS = YES;
				CLANG_WARN_DIRECT_OBJC_ISA_USAGE = YES_ERROR;
				CLANG_WARN_DOCUMENTATION_COMMENTS = YES;
				CLANG_WARN_EMPTY_BODY = YES;
				CLANG_WARN_ENUM_CONVERSION = YES;
				CLANG_WARN_INFINITE_RECURSION = YES;
				CLANG_WARN_INT_CONVERSION = YES;
				CLANG_WARN_NON_LITERAL_NULL_CONVERSION = YES;
				CLANG_WARN_OBJC_IMPLICIT_RETAIN_SELF = YES;
				CLANG_WARN_OBJC_LITERAL_CONVERSION = YES;
				CLANG_WARN_OBJC_ROOT_CLASS = YES_ERROR;
				CLANG_WARN_QUOTED_INCLUDE_IN_FRAMEWORK_HEADER = YES;
				CLANG_WARN_RANGE_LOOP_ANALYSIS = YES;
				CLANG_WARN_STRICT_PROTOTYPES = YES;
				CLANG_WARN_SUSPICIOUS_MOVE = YES;
				CLANG_WARN_UNGUARDED_AVAILABILITY = YES_AGGRESSIVE;
				CLANG_WARN_UNREACHABLE_CODE = YES;
				CLANG_WARN__DUPLICATE_METHOD_MATCH = YES;
				COPY_PHASE_STRIP = NO;
				DEBUG_INFORMATION_FORMAT = dwarf;
				ENABLE_STRICT_OBJC_MSGSEND = YES;
				ENABLE_TESTABILITY = YES;
				GCC_C_LANGUAGE_STANDARD = gnu11;
				GCC_DYNAMIC_NO_PIC = NO;
				GCC_NO_COMMON_BLOCKS = YES;
				GCC_OPTIMIZATION_LEVEL = 0;
				GCC_PREPROCESSOR_DEFINITIONS = (
					"DEBUG=1",
					"$(inherited)",
				);
				GCC_WARN_64_TO_32_BIT_CONVERSION = YES;
				GCC_WARN_ABOUT_RETURN_TYPE = YES_ERROR;
				GCC_WARN_UNDECLARED_SELECTOR = YES;
				GCC_WARN_UNINITIALIZED_AUTOS = YES_AGGRESSIVE;
				GCC_WARN_UNUSED_FUNCTION = YES;
				GCC_WARN_UNUSED_VARIABLE = YES;
				IPHONEOS_DEPLOYMENT_TARGET = 14.5;
				MTL_ENABLE_DEBUG_INFO = INCLUDE_SOURCE;
				MTL_FAST_MATH = YES;
				ONLY_ACTIVE_ARCH = YES;
				SDKROOT = iphoneos;
				SWIFT_ACTIVE_COMPILATION_CONDITIONS = DEBUG;
				SWIFT_OPTIMIZATION_LEVEL = "-Onone";
			};
			name = Debug;
		};
		16B5F9C326BB58ED00C59016 /* Release */ = {
			isa = XCBuildConfiguration;
			buildSettings = {
				ALWAYS_SEARCH_USER_PATHS = NO;
				CLANG_ANALYZER_LOCALIZABILITY_NONLOCALIZED = YES;
				CLANG_ANALYZER_NONNULL = YES;
				CLANG_ANALYZER_NUMBER_OBJECT_CONVERSION = YES_AGGRESSIVE;
				CLANG_CXX_LANGUAGE_STANDARD = "gnu++14";
				CLANG_CXX_LIBRARY = "libc++";
				CLANG_ENABLE_MODULES = YES;
				CLANG_ENABLE_OBJC_ARC = YES;
				CLANG_ENABLE_OBJC_WEAK = YES;
				CLANG_WARN_BLOCK_CAPTURE_AUTORELEASING = YES;
				CLANG_WARN_BOOL_CONVERSION = YES;
				CLANG_WARN_COMMA = YES;
				CLANG_WARN_CONSTANT_CONVERSION = YES;
				CLANG_WARN_DEPRECATED_OBJC_IMPLEMENTATIONS = YES;
				CLANG_WARN_DIRECT_OBJC_ISA_USAGE = YES_ERROR;
				CLANG_WARN_DOCUMENTATION_COMMENTS = YES;
				CLANG_WARN_EMPTY_BODY = YES;
				CLANG_WARN_ENUM_CONVERSION = YES;
				CLANG_WARN_INFINITE_RECURSION = YES;
				CLANG_WARN_INT_CONVERSION = YES;
				CLANG_WARN_NON_LITERAL_NULL_CONVERSION = YES;
				CLANG_WARN_OBJC_IMPLICIT_RETAIN_SELF = YES;
				CLANG_WARN_OBJC_LITERAL_CONVERSION = YES;
				CLANG_WARN_OBJC_ROOT_CLASS = YES_ERROR;
				CLANG_WARN_QUOTED_INCLUDE_IN_FRAMEWORK_HEADER = YES;
				CLANG_WARN_RANGE_LOOP_ANALYSIS = YES;
				CLANG_WARN_STRICT_PROTOTYPES = YES;
				CLANG_WARN_SUSPICIOUS_MOVE = YES;
				CLANG_WARN_UNGUARDED_AVAILABILITY = YES_AGGRESSIVE;
				CLANG_WARN_UNREACHABLE_CODE = YES;
				CLANG_WARN__DUPLICATE_METHOD_MATCH = YES;
				COPY_PHASE_STRIP = NO;
				DEBUG_INFORMATION_FORMAT = "dwarf-with-dsym";
				ENABLE_NS_ASSERTIONS = NO;
				ENABLE_STRICT_OBJC_MSGSEND = YES;
				GCC_C_LANGUAGE_STANDARD = gnu11;
				GCC_NO_COMMON_BLOCKS = YES;
				GCC_WARN_64_TO_32_BIT_CONVERSION = YES;
				GCC_WARN_ABOUT_RETURN_TYPE = YES_ERROR;
				GCC_WARN_UNDECLARED_SELECTOR = YES;
				GCC_WARN_UNINITIALIZED_AUTOS = YES_AGGRESSIVE;
				GCC_WARN_UNUSED_FUNCTION = YES;
				GCC_WARN_UNUSED_VARIABLE = YES;
				IPHONEOS_DEPLOYMENT_TARGET = 14.5;
				MTL_ENABLE_DEBUG_INFO = NO;
				MTL_FAST_MATH = YES;
				SDKROOT = iphoneos;
				SWIFT_COMPILATION_MODE = wholemodule;
				SWIFT_OPTIMIZATION_LEVEL = "-O";
				VALIDATE_PRODUCT = YES;
			};
			name = Release;
		};
		16B5F9C526BB58ED00C59016 /* Debug */ = {
			isa = XCBuildConfiguration;
			buildSettings = {
				ASSETCATALOG_COMPILER_APPICON_NAME = AppIcon;
				ASSETCATALOG_COMPILER_GLOBAL_ACCENT_COLOR_NAME = AccentColor;
				CODE_SIGN_STYLE = Automatic;
				INFOPLIST_FILE = SetTrack/Info.plist;
				LD_RUNPATH_SEARCH_PATHS = (
					"$(inherited)",
					"@executable_path/Frameworks",
				);
				PRODUCT_BUNDLE_IDENTIFIER = com.asingh34.SetTrack;
				PRODUCT_NAME = "$(TARGET_NAME)";
				SWIFT_VERSION = 5.0;
				TARGETED_DEVICE_FAMILY = "1,2";
			};
			name = Debug;
		};
		16B5F9C626BB58ED00C59016 /* Release */ = {
			isa = XCBuildConfiguration;
			buildSettings = {
				ASSETCATALOG_COMPILER_APPICON_NAME = AppIcon;
				ASSETCATALOG_COMPILER_GLOBAL_ACCENT_COLOR_NAME = AccentColor;
				CODE_SIGN_STYLE = Automatic;
				INFOPLIST_FILE = SetTrack/Info.plist;
				LD_RUNPATH_SEARCH_PATHS = (
					"$(inherited)",
					"@executable_path/Frameworks",
				);
				PRODUCT_BUNDLE_IDENTIFIER = com.asingh34.SetTrack;
				PRODUCT_NAME = "$(TARGET_NAME)";
				SWIFT_VERSION = 5.0;
				TARGETED_DEVICE_FAMILY = "1,2";
			};
			name = Release;
		};
/* End XCBuildConfiguration section */

/* Begin XCConfigurationList section */
		16B5F9A826BB58E900C59016 /* Build configuration list for PBXProject "SetTrack" */ = {
			isa = XCConfigurationList;
			buildConfigurations = (
				16B5F9C226BB58ED00C59016 /* Debug */,
				16B5F9C326BB58ED00C59016 /* Release */,
			);
			defaultConfigurationIsVisible = 0;
			defaultConfigurationName = Release;
		};
		16B5F9C426BB58ED00C59016 /* Build configuration list for PBXNativeTarget "SetTrack" */ = {
			isa = XCConfigurationList;
			buildConfigurations = (
				16B5F9C526BB58ED00C59016 /* Debug */,
				16B5F9C626BB58ED00C59016 /* Release */,
			);
			defaultConfigurationIsVisible = 0;
			defaultConfigurationName = Release;
		};
/* End XCConfigurationList section */

/* Begin XCVersionGroup section */
		16B5F9B926BB58E900C59016 /* SetTrack.xcdatamodeld */ = {
			isa = XCVersionGroup;
			children = (
				16B5F9BA26BB58E900C59016 /* SetTrack.xcdatamodel */,
			);
			currentVersion = 16B5F9BA26BB58E900C59016 /* SetTrack.xcdatamodel */;
			path = SetTrack.xcdatamodeld;
			sourceTree = "<group>";
			versionGroupType = wrapper.xcdatamodel;
		};
/* End XCVersionGroup section */
	};
	rootObject = 16B5F9A526BB58E900C59016 /* Project object */;
}
